// !$*UTF8*$!
{
	archiveVersion = 1;
	classes = {
	};
	objectVersion = 48;
	objects = {

/* Begin PBXBuildFile section */
		3C486427CF3C27EFEE91DFE6 /* Pods_TempleFlashcards.framework in Frameworks */ = {isa = PBXBuildFile; fileRef = 240493C8EA975742890098E6 /* Pods_TempleFlashcards.framework */; settings = {ATTRIBUTES = (Required, ); }; };
		CF2A4F821F8E74E500EDA874 /* TempleViewController.swift in Sources */ = {isa = PBXBuildFile; fileRef = CF2A4F811F8E74E500EDA874 /* TempleViewController.swift */; };
		CF2A4F851F8F048200EDA874 /* TempleView.swift in Sources */ = {isa = PBXBuildFile; fileRef = CF2A4F841F8F048200EDA874 /* TempleView.swift */; };
		CF512D961F8BC1F800D78C7E /* AppDelegate.swift in Sources */ = {isa = PBXBuildFile; fileRef = CF512D951F8BC1F800D78C7E /* AppDelegate.swift */; };
		CF512D9B1F8BC1F800D78C7E /* Main.storyboard in Resources */ = {isa = PBXBuildFile; fileRef = CF512D991F8BC1F800D78C7E /* Main.storyboard */; };
		CF512D9D1F8BC1F800D78C7E /* Assets.xcassets in Resources */ = {isa = PBXBuildFile; fileRef = CF512D9C1F8BC1F800D78C7E /* Assets.xcassets */; };
		CF512DA01F8BC1F800D78C7E /* LaunchScreen.storyboard in Resources */ = {isa = PBXBuildFile; fileRef = CF512D9E1F8BC1F800D78C7E /* LaunchScreen.storyboard */; };
		CF512DAA1F8BC2B600D78C7E /* TempleData.swift in Sources */ = {isa = PBXBuildFile; fileRef = CF512DA91F8BC2B600D78C7E /* TempleData.swift */; };
		CF512DB21F8C26B300D78C7E /* Temple.swift in Sources */ = {isa = PBXBuildFile; fileRef = CF512DB11F8C26B300D78C7E /* Temple.swift */; };
		CF7184551F8C4A91007E764E /* TempleTableViewCell.swift in Sources */ = {isa = PBXBuildFile; fileRef = CF7184541F8C4A91007E764E /* TempleTableViewCell.swift */; };
		CF7184571F8C520B007E764E /* TempleCollectionViewCell.swift in Sources */ = {isa = PBXBuildFile; fileRef = CF7184561F8C520B007E764E /* TempleCollectionViewCell.swift */; };
		CF9BB9C21F97B9CB002D8231 /* Toast_Swift.framework in Frameworks */ = {isa = PBXBuildFile; fileRef = CF9BB9C31F97B9CB002D8231 /* Toast_Swift.framework */; };
/* End PBXBuildFile section */

/* Begin PBXFileReference section */
		169EA265EC2FBD29897E1C4D /* Pods-TempleFlashcards.debug.xcconfig */ = {isa = PBXFileReference; includeInIndex = 1; lastKnownFileType = text.xcconfig; name = "Pods-TempleFlashcards.debug.xcconfig"; path = "Pods/Target Support Files/Pods-TempleFlashcards/Pods-TempleFlashcards.debug.xcconfig"; sourceTree = "<group>"; };
		240493C8EA975742890098E6 /* Pods_TempleFlashcards.framework */ = {isa = PBXFileReference; explicitFileType = wrapper.framework; includeInIndex = 0; path = Pods_TempleFlashcards.framework; sourceTree = BUILT_PRODUCTS_DIR; };
		CF2A4F811F8E74E500EDA874 /* TempleViewController.swift */ = {isa = PBXFileReference; lastKnownFileType = sourcecode.swift; path = TempleViewController.swift; sourceTree = "<group>"; };
		CF2A4F841F8F048200EDA874 /* TempleView.swift */ = {isa = PBXFileReference; lastKnownFileType = sourcecode.swift; path = TempleView.swift; sourceTree = "<group>"; };
		CF512D921F8BC1F800D78C7E /* TempleFlashcards.app */ = {isa = PBXFileReference; explicitFileType = wrapper.application; includeInIndex = 0; path = TempleFlashcards.app; sourceTree = BUILT_PRODUCTS_DIR; };
		CF512D951F8BC1F800D78C7E /* AppDelegate.swift */ = {isa = PBXFileReference; lastKnownFileType = sourcecode.swift; path = AppDelegate.swift; sourceTree = "<group>"; };
		CF512D9A1F8BC1F800D78C7E /* Base */ = {isa = PBXFileReference; lastKnownFileType = file.storyboard; name = Base; path = Base.lproj/Main.storyboard; sourceTree = "<group>"; };
		CF512D9C1F8BC1F800D78C7E /* Assets.xcassets */ = {isa = PBXFileReference; lastKnownFileType = folder.assetcatalog; path = Assets.xcassets; sourceTree = "<group>"; };
		CF512D9F1F8BC1F800D78C7E /* Base */ = {isa = PBXFileReference; lastKnownFileType = file.storyboard; name = Base; path = Base.lproj/LaunchScreen.storyboard; sourceTree = "<group>"; };
		CF512DA11F8BC1F800D78C7E /* Info.plist */ = {isa = PBXFileReference; lastKnownFileType = text.plist.xml; path = Info.plist; sourceTree = "<group>"; };
		CF512DA91F8BC2B600D78C7E /* TempleData.swift */ = {isa = PBXFileReference; lastKnownFileType = sourcecode.swift; path = TempleData.swift; sourceTree = "<group>"; };
		CF512DB11F8C26B300D78C7E /* Temple.swift */ = {isa = PBXFileReference; lastKnownFileType = sourcecode.swift; path = Temple.swift; sourceTree = "<group>"; };
		CF7184541F8C4A91007E764E /* TempleTableViewCell.swift */ = {isa = PBXFileReference; lastKnownFileType = sourcecode.swift; path = TempleTableViewCell.swift; sourceTree = "<group>"; };
		CF7184561F8C520B007E764E /* TempleCollectionViewCell.swift */ = {isa = PBXFileReference; lastKnownFileType = sourcecode.swift; path = TempleCollectionViewCell.swift; sourceTree = "<group>"; };
		CF9BB9C31F97B9CB002D8231 /* Toast_Swift.framework */ = {isa = PBXFileReference; explicitFileType = wrapper.framework; path = Toast_Swift.framework; sourceTree = BUILT_PRODUCTS_DIR; };
		D9EB5E5AD04E05BEF8BCF7D0 /* Pods-TempleFlashcards.release.xcconfig */ = {isa = PBXFileReference; includeInIndex = 1; lastKnownFileType = text.xcconfig; name = "Pods-TempleFlashcards.release.xcconfig"; path = "Pods/Target Support Files/Pods-TempleFlashcards/Pods-TempleFlashcards.release.xcconfig"; sourceTree = "<group>"; };
/* End PBXFileReference section */

/* Begin PBXFrameworksBuildPhase section */
		CF512D8F1F8BC1F800D78C7E /* Frameworks */ = {
			isa = PBXFrameworksBuildPhase;
			buildActionMask = 2147483647;
			files = (
				CF9BB9C21F97B9CB002D8231 /* Toast_Swift.framework in Frameworks */,
				3C486427CF3C27EFEE91DFE6 /* Pods_TempleFlashcards.framework in Frameworks */,
			);
			runOnlyForDeploymentPostprocessing = 0;
		};
/* End PBXFrameworksBuildPhase section */

/* Begin PBXGroup section */
		64D1E909E09FDB534A3A803A /* Pods */ = {
			isa = PBXGroup;
			children = (
				169EA265EC2FBD29897E1C4D /* Pods-TempleFlashcards.debug.xcconfig */,
				D9EB5E5AD04E05BEF8BCF7D0 /* Pods-TempleFlashcards.release.xcconfig */,
			);
			name = Pods;
			sourceTree = "<group>";
		};
		A4380A77A0E386133064EB67 /* Frameworks */ = {
			isa = PBXGroup;
			children = (
				CF9BB9C31F97B9CB002D8231 /* Toast_Swift.framework */,
				240493C8EA975742890098E6 /* Pods_TempleFlashcards.framework */,
			);
			name = Frameworks;
			sourceTree = "<group>";
		};
		CF512D891F8BC1F800D78C7E = {
			isa = PBXGroup;
			children = (
				CF512D941F8BC1F800D78C7E /* TempleFlashcards */,
				CF512D931F8BC1F800D78C7E /* Products */,
				64D1E909E09FDB534A3A803A /* Pods */,
				A4380A77A0E386133064EB67 /* Frameworks */,
			);
			sourceTree = "<group>";
		};
		CF512D931F8BC1F800D78C7E /* Products */ = {
			isa = PBXGroup;
			children = (
				CF512D921F8BC1F800D78C7E /* TempleFlashcards.app */,
			);
			name = Products;
			sourceTree = "<group>";
		};
		CF512D941F8BC1F800D78C7E /* TempleFlashcards */ = {
			isa = PBXGroup;
			children = (
				CF512DA71F8BC29E00D78C7E /* Model */,
				CF512DA81F8BC2A800D78C7E /* View */,
				CF512DAC1F8BD46500D78C7E /* Controller */,
				CF512DAB1F8BD43300D78C7E /* Supporting Files */,
				CF512D9C1F8BC1F800D78C7E /* Assets.xcassets */,
			);
			path = TempleFlashcards;
			sourceTree = "<group>";
		};
		CF512DA71F8BC29E00D78C7E /* Model */ = {
			isa = PBXGroup;
			children = (
				CF512DA91F8BC2B600D78C7E /* TempleData.swift */,
				CF512DB11F8C26B300D78C7E /* Temple.swift */,
			);
			path = Model;
			sourceTree = "<group>";
		};
		CF512DA81F8BC2A800D78C7E /* View */ = {
			isa = PBXGroup;
			children = (
				CF512D991F8BC1F800D78C7E /* Main.storyboard */,
				CF512D9E1F8BC1F800D78C7E /* LaunchScreen.storyboard */,
				CF7184541F8C4A91007E764E /* TempleTableViewCell.swift */,
				CF7184561F8C520B007E764E /* TempleCollectionViewCell.swift */,
				CF2A4F841F8F048200EDA874 /* TempleView.swift */,
			);
			path = View;
			sourceTree = "<group>";
		};
		CF512DAB1F8BD43300D78C7E /* Supporting Files */ = {
			isa = PBXGroup;
			children = (
				CF512D951F8BC1F800D78C7E /* AppDelegate.swift */,
				CF512DA11F8BC1F800D78C7E /* Info.plist */,
			);
			name = "Supporting Files";
			sourceTree = "<group>";
		};
		CF512DAC1F8BD46500D78C7E /* Controller */ = {
			isa = PBXGroup;
			children = (
				CF2A4F811F8E74E500EDA874 /* TempleViewController.swift */,
			);
			path = Controller;
			sourceTree = "<group>";
		};
/* End PBXGroup section */

/* Begin PBXNativeTarget section */
		CF512D911F8BC1F800D78C7E /* TempleFlashcards */ = {
			isa = PBXNativeTarget;
			buildConfigurationList = CF512DA41F8BC1F800D78C7E /* Build configuration list for PBXNativeTarget "TempleFlashcards" */;
			buildPhases = (
				BA43904CDA7ED062EDC0DCAB /* [CP] Check Pods Manifest.lock */,
				CF512D8E1F8BC1F800D78C7E /* Sources */,
				CF512D8F1F8BC1F800D78C7E /* Frameworks */,
				CF512D901F8BC1F800D78C7E /* Resources */,
				FA0075FC5B04E24C54652036 /* [CP] Embed Pods Frameworks */,
				26139AD8E90184A1F9C5906C /* [CP] Copy Pods Resources */,
			);
			buildRules = (
			);
			dependencies = (
			);
			name = TempleFlashcards;
			productName = TempleFlashcards;
			productReference = CF512D921F8BC1F800D78C7E /* TempleFlashcards.app */;
			productType = "com.apple.product-type.application";
		};
/* End PBXNativeTarget section */

/* Begin PBXProject section */
		CF512D8A1F8BC1F800D78C7E /* Project object */ = {
			isa = PBXProject;
			attributes = {
				LastSwiftUpdateCheck = 0900;
				LastUpgradeCheck = 0900;
				ORGANIZATIONNAME = "Victor Lazaro";
				TargetAttributes = {
					CF512D911F8BC1F800D78C7E = {
						CreatedOnToolsVersion = 9.0;
						ProvisioningStyle = Automatic;
					};
				};
			};
			buildConfigurationList = CF512D8D1F8BC1F800D78C7E /* Build configuration list for PBXProject "TempleFlashcards" */;
			compatibilityVersion = "Xcode 8.0";
			developmentRegion = en;
			hasScannedForEncodings = 0;
			knownRegions = (
				en,
				Base,
			);
			mainGroup = CF512D891F8BC1F800D78C7E;
			productRefGroup = CF512D931F8BC1F800D78C7E /* Products */;
			projectDirPath = "";
			projectRoot = "";
			targets = (
				CF512D911F8BC1F800D78C7E /* TempleFlashcards */,
			);
		};
/* End PBXProject section */

/* Begin PBXResourcesBuildPhase section */
		CF512D901F8BC1F800D78C7E /* Resources */ = {
			isa = PBXResourcesBuildPhase;
			buildActionMask = 2147483647;
			files = (
				CF512DA01F8BC1F800D78C7E /* LaunchScreen.storyboard in Resources */,
				CF512D9D1F8BC1F800D78C7E /* Assets.xcassets in Resources */,
				CF512D9B1F8BC1F800D78C7E /* Main.storyboard in Resources */,
			);
			runOnlyForDeploymentPostprocessing = 0;
		};
/* End PBXResourcesBuildPhase section */

/* Begin PBXShellScriptBuildPhase section */
		26139AD8E90184A1F9C5906C /* [CP] Copy Pods Resources */ = {
			isa = PBXShellScriptBuildPhase;
			buildActionMask = 2147483647;
			files = (
			);
			inputPaths = (
			);
			name = "[CP] Copy Pods Resources";
			outputPaths = (
			);
			runOnlyForDeploymentPostprocessing = 0;
			shellPath = /bin/sh;
			shellScript = "\"${SRCROOT}/Pods/Target Support Files/Pods-TempleFlashcards/Pods-TempleFlashcards-resources.sh\"\n";
			showEnvVarsInLog = 0;
		};
		BA43904CDA7ED062EDC0DCAB /* [CP] Check Pods Manifest.lock */ = {
			isa = PBXShellScriptBuildPhase;
			buildActionMask = 2147483647;
			files = (
			);
			inputPaths = (
				"${PODS_PODFILE_DIR_PATH}/Podfile.lock",
				"${PODS_ROOT}/Manifest.lock",
			);
			name = "[CP] Check Pods Manifest.lock";
			outputPaths = (
				"$(DERIVED_FILE_DIR)/Pods-TempleFlashcards-checkManifestLockResult.txt",
			);
			runOnlyForDeploymentPostprocessing = 0;
			shellPath = /bin/sh;
			shellScript = "diff \"${PODS_PODFILE_DIR_PATH}/Podfile.lock\" \"${PODS_ROOT}/Manifest.lock\" > /dev/null\nif [ $? != 0 ] ; then\n    # print error to STDERR\n    echo \"error: The sandbox is not in sync with the Podfile.lock. Run 'pod install' or update your CocoaPods installation.\" >&2\n    exit 1\nfi\n# This output is used by Xcode 'outputs' to avoid re-running this script phase.\necho \"SUCCESS\" > \"${SCRIPT_OUTPUT_FILE_0}\"\n";
			showEnvVarsInLog = 0;
		};
		FA0075FC5B04E24C54652036 /* [CP] Embed Pods Frameworks */ = {
			isa = PBXShellScriptBuildPhase;
			buildActionMask = 2147483647;
			files = (
			);
			inputPaths = (
				"${SRCROOT}/Pods/Target Support Files/Pods-TempleFlashcards/Pods-TempleFlashcards-frameworks.sh",
				"${BUILT_PRODUCTS_DIR}/Toast-Swift/Toast_Swift.framework",
			);
			name = "[CP] Embed Pods Frameworks";
			outputPaths = (
				"${TARGET_BUILD_DIR}/${FRAMEWORKS_FOLDER_PATH}/Toast_Swift.framework",
			);
			runOnlyForDeploymentPostprocessing = 0;
			shellPath = /bin/sh;
			shellScript = "\"${SRCROOT}/Pods/Target Support Files/Pods-TempleFlashcards/Pods-TempleFlashcards-frameworks.sh\"\n";
			showEnvVarsInLog = 0;
		};
/* End PBXShellScriptBuildPhase section */

/* Begin PBXSourcesBuildPhase section */
		CF512D8E1F8BC1F800D78C7E /* Sources */ = {
			isa = PBXSourcesBuildPhase;
			buildActionMask = 2147483647;
			files = (
				CF7184571F8C520B007E764E /* TempleCollectionViewCell.swift in Sources */,
				CF7184551F8C4A91007E764E /* TempleTableViewCell.swift in Sources */,
				CF512DAA1F8BC2B600D78C7E /* TempleData.swift in Sources */,
				CF2A4F821F8E74E500EDA874 /* TempleViewController.swift in Sources */,
				CF2A4F851F8F048200EDA874 /* TempleView.swift in Sources */,
				CF512D961F8BC1F800D78C7E /* AppDelegate.swift in Sources */,
				CF512DB21F8C26B300D78C7E /* Temple.swift in Sources */,
			);
			runOnlyForDeploymentPostprocessing = 0;
		};
/* End PBXSourcesBuildPhase section */

/* Begin PBXVariantGroup section */
		CF512D991F8BC1F800D78C7E /* Main.storyboard */ = {
			isa = PBXVariantGroup;
			children = (
				CF512D9A1F8BC1F800D78C7E /* Base */,
			);
			name = Main.storyboard;
			sourceTree = "<group>";
		};
		CF512D9E1F8BC1F800D78C7E /* LaunchScreen.storyboard */ = {
			isa = PBXVariantGroup;
			children = (
				CF512D9F1F8BC1F800D78C7E /* Base */,
			);
			name = LaunchScreen.storyboard;
			sourceTree = "<group>";
		};
/* End PBXVariantGroup section */

/* Begin XCBuildConfiguration section */
		CF512DA21F8BC1F800D78C7E /* Debug */ = {
			isa = XCBuildConfiguration;
			buildSettings = {
				ALWAYS_SEARCH_USER_PATHS = NO;
				CLANG_ANALYZER_NONNULL = YES;
				CLANG_ANALYZER_NUMBER_OBJECT_CONVERSION = YES_AGGRESSIVE;
				CLANG_CXX_LANGUAGE_STANDARD = "gnu++14";
				CLANG_CXX_LIBRARY = "libc++";
				CLANG_ENABLE_MODULES = YES;
				CLANG_ENABLE_OBJC_ARC = YES;
				CLANG_WARN_BLOCK_CAPTURE_AUTORELEASING = YES;
				CLANG_WARN_BOOL_CONVERSION = YES;
				CLANG_WARN_COMMA = YES;
				CLANG_WARN_CONSTANT_CONVERSION = YES;
				CLANG_WARN_DIRECT_OBJC_ISA_USAGE = YES_ERROR;
				CLANG_WARN_DOCUMENTATION_COMMENTS = YES;
				CLANG_WARN_EMPTY_BODY = YES;
				CLANG_WARN_ENUM_CONVERSION = YES;
				CLANG_WARN_INFINITE_RECURSION = YES;
				CLANG_WARN_INT_CONVERSION = YES;
				CLANG_WARN_NON_LITERAL_NULL_CONVERSION = YES;
				CLANG_WARN_OBJC_LITERAL_CONVERSION = YES;
				CLANG_WARN_OBJC_ROOT_CLASS = YES_ERROR;
				CLANG_WARN_RANGE_LOOP_ANALYSIS = YES;
				CLANG_WARN_STRICT_PROTOTYPES = YES;
				CLANG_WARN_SUSPICIOUS_MOVE = YES;
				CLANG_WARN_UNGUARDED_AVAILABILITY = YES_AGGRESSIVE;
				CLANG_WARN_UNREACHABLE_CODE = YES;
				CLANG_WARN__DUPLICATE_METHOD_MATCH = YES;
				CODE_SIGN_IDENTITY = "iPhone Developer";
				COPY_PHASE_STRIP = NO;
				DEBUG_INFORMATION_FORMAT = dwarf;
				ENABLE_STRICT_OBJC_MSGSEND = YES;
				ENABLE_TESTABILITY = YES;
				GCC_C_LANGUAGE_STANDARD = gnu11;
				GCC_DYNAMIC_NO_PIC = NO;
				GCC_NO_COMMON_BLOCKS = YES;
				GCC_OPTIMIZATION_LEVEL = 0;
				GCC_PREPROCESSOR_DEFINITIONS = (
					"DEBUG=1",
					"$(inherited)",
				);
				GCC_WARN_64_TO_32_BIT_CONVERSION = YES;
				GCC_WARN_ABOUT_RETURN_TYPE = YES_ERROR;
				GCC_WARN_UNDECLARED_SELECTOR = YES;
				GCC_WARN_UNINITIALIZED_AUTOS = YES_AGGRESSIVE;
				GCC_WARN_UNUSED_FUNCTION = YES;
				GCC_WARN_UNUSED_VARIABLE = YES;
				IPHONEOS_DEPLOYMENT_TARGET = 11.0;
				MTL_ENABLE_DEBUG_INFO = YES;
				ONLY_ACTIVE_ARCH = YES;
				SDKROOT = iphoneos;
				SWIFT_ACTIVE_COMPILATION_CONDITIONS = DEBUG;
				SWIFT_OPTIMIZATION_LEVEL = "-Onone";
			};
			name = Debug;
		};
		CF512DA31F8BC1F800D78C7E /* Release */ = {
			isa = XCBuildConfiguration;
			buildSettings = {
				ALWAYS_SEARCH_USER_PATHS = NO;
				CLANG_ANALYZER_NONNULL = YES;
				CLANG_ANALYZER_NUMBER_OBJECT_CONVERSION = YES_AGGRESSIVE;
				CLANG_CXX_LANGUAGE_STANDARD = "gnu++14";
				CLANG_CXX_LIBRARY = "libc++";
				CLANG_ENABLE_MODULES = YES;
				CLANG_ENABLE_OBJC_ARC = YES;
				CLANG_WARN_BLOCK_CAPTURE_AUTORELEASING = YES;
				CLANG_WARN_BOOL_CONVERSION = YES;
				CLANG_WARN_COMMA = YES;
				CLANG_WARN_CONSTANT_CONVERSION = YES;
				CLANG_WARN_DIRECT_OBJC_ISA_USAGE = YES_ERROR;
				CLANG_WARN_DOCUMENTATION_COMMENTS = YES;
				CLANG_WARN_EMPTY_BODY = YES;
				CLANG_WARN_ENUM_CONVERSION = YES;
				CLANG_WARN_INFINITE_RECURSION = YES;
				CLANG_WARN_INT_CONVERSION = YES;
				CLANG_WARN_NON_LITERAL_NULL_CONVERSION = YES;
				CLANG_WARN_OBJC_LITERAL_CONVERSION = YES;
				CLANG_WARN_OBJC_ROOT_CLASS = YES_ERROR;
				CLANG_WARN_RANGE_LOOP_ANALYSIS = YES;
				CLANG_WARN_STRICT_PROTOTYPES = YES;
				CLANG_WARN_SUSPICIOUS_MOVE = YES;
				CLANG_WARN_UNGUARDED_AVAILABILITY = YES_AGGRESSIVE;
				CLANG_WARN_UNREACHABLE_CODE = YES;
				CLANG_WARN__DUPLICATE_METHOD_MATCH = YES;
				CODE_SIGN_IDENTITY = "iPhone Developer";
				COPY_PHASE_STRIP = NO;
				DEBUG_INFORMATION_FORMAT = "dwarf-with-dsym";
				ENABLE_NS_ASSERTIONS = NO;
				ENABLE_STRICT_OBJC_MSGSEND = YES;
				GCC_C_LANGUAGE_STANDARD = gnu11;
				GCC_NO_COMMON_BLOCKS = YES;
				GCC_WARN_64_TO_32_BIT_CONVERSION = YES;
				GCC_WARN_ABOUT_RETURN_TYPE = YES_ERROR;
				GCC_WARN_UNDECLARED_SELECTOR = YES;
				GCC_WARN_UNINITIALIZED_AUTOS = YES_AGGRESSIVE;
				GCC_WARN_UNUSED_FUNCTION = YES;
				GCC_WARN_UNUSED_VARIABLE = YES;
				IPHONEOS_DEPLOYMENT_TARGET = 11.0;
				MTL_ENABLE_DEBUG_INFO = NO;
				SDKROOT = iphoneos;
				SWIFT_OPTIMIZATION_LEVEL = "-Owholemodule";
				VALIDATE_PRODUCT = YES;
			};
			name = Release;
		};
		CF512DA51F8BC1F800D78C7E /* Debug */ = {
			isa = XCBuildConfiguration;
			baseConfigurationReference = 169EA265EC2FBD29897E1C4D /* Pods-TempleFlashcards.debug.xcconfig */;
			buildSettings = {
				ASSETCATALOG_COMPILER_APPICON_NAME = AppIcon;
				CODE_SIGN_STYLE = Automatic;
				DEVELOPMENT_TEAM = JDFGFW52BC;
				INFOPLIST_FILE = TempleFlashcards/Info.plist;
				LD_RUNPATH_SEARCH_PATHS = "$(inherited) @executable_path/Frameworks";
				PRODUCT_BUNDLE_IDENTIFIER = is543.TempleFlashcards;
				PRODUCT_NAME = "$(TARGET_NAME)";
				SWIFT_VERSION = 4.0;
				TARGETED_DEVICE_FAMILY = 1;
			};
			name = Debug;
		};
		CF512DA61F8BC1F800D78C7E /* Release */ = {
			isa = XCBuildConfiguration;
			baseConfigurationReference = D9EB5E5AD04E05BEF8BCF7D0 /* Pods-TempleFlashcards.release.xcconfig */;
			buildSettings = {
				ASSETCATALOG_COMPILER_APPICON_NAME = AppIcon;
				CODE_SIGN_STYLE = Automatic;
				DEVELOPMENT_TEAM = JDFGFW52BC;
				INFOPLIST_FILE = TempleFlashcards/Info.plist;
				LD_RUNPATH_SEARCH_PATHS = "$(inherited) @executable_path/Frameworks";
				PRODUCT_BUNDLE_IDENTIFIER = is543.TempleFlashcards;
				PRODUCT_NAME = "$(TARGET_NAME)";
				SWIFT_VERSION = 4.0;
				TARGETED_DEVICE_FAMILY = 1;
			};
			name = Release;
		};
/* End XCBuildConfiguration section */

/* Begin XCConfigurationList section */
		CF512D8D1F8BC1F800D78C7E /* Build configuration list for PBXProject "TempleFlashcards" */ = {
			isa = XCConfigurationList;
			buildConfigurations = (
				CF512DA21F8BC1F800D78C7E /* Debug */,
				CF512DA31F8BC1F800D78C7E /* Release */,
			);
			defaultConfigurationIsVisible = 0;
			defaultConfigurationName = Release;
		};
		CF512DA41F8BC1F800D78C7E /* Build configuration list for PBXNativeTarget "TempleFlashcards" */ = {
			isa = XCConfigurationList;
			buildConfigurations = (
				CF512DA51F8BC1F800D78C7E /* Debug */,
				CF512DA61F8BC1F800D78C7E /* Release */,
			);
			defaultConfigurationIsVisible = 0;
			defaultConfigurationName = Release;
		};
/* End XCConfigurationList section */
	};
	rootObject = CF512D8A1F8BC1F800D78C7E /* Project object */;
}
